// !$*UTF8*$!
{
	archiveVersion = 1;
	classes = {
	};
	objectVersion = 46;
	objects = {

/* Begin PBXBuildFile section */
		8311891278EB4A6C85198E19 /* libPods-Recommenu Menu Demo.a in Frameworks */ = {isa = PBXBuildFile; fileRef = 289C1CE11BDE4534A47E4BD0 /* libPods-Recommenu Menu Demo.a */; };
		9D067CAD1982E05400B7DB1D /* RMUCommentField.m in Sources */ = {isa = PBXBuildFile; fileRef = 9D067CAC1982E05400B7DB1D /* RMUCommentField.m */; };
		9D067CB01982F3B500B7DB1D /* RMUTopCommentView.m in Sources */ = {isa = PBXBuildFile; fileRef = 9D067CAF1982F3B500B7DB1D /* RMUTopCommentView.m */; };
		9DE124331979922F006C185B /* Foundation.framework in Frameworks */ = {isa = PBXBuildFile; fileRef = 9DE124321979922F006C185B /* Foundation.framework */; };
		9DE124351979922F006C185B /* CoreGraphics.framework in Frameworks */ = {isa = PBXBuildFile; fileRef = 9DE124341979922F006C185B /* CoreGraphics.framework */; };
		9DE124371979922F006C185B /* UIKit.framework in Frameworks */ = {isa = PBXBuildFile; fileRef = 9DE124361979922F006C185B /* UIKit.framework */; };
		9DE1243D1979922F006C185B /* InfoPlist.strings in Resources */ = {isa = PBXBuildFile; fileRef = 9DE1243B1979922F006C185B /* InfoPlist.strings */; };
		9DE1243F1979922F006C185B /* main.m in Sources */ = {isa = PBXBuildFile; fileRef = 9DE1243E1979922F006C185B /* main.m */; };
		9DE124431979922F006C185B /* RMUAppDelegate.m in Sources */ = {isa = PBXBuildFile; fileRef = 9DE124421979922F006C185B /* RMUAppDelegate.m */; };
		9DE124461979922F006C185B /* Main_iPhone.storyboard in Resources */ = {isa = PBXBuildFile; fileRef = 9DE124441979922F006C185B /* Main_iPhone.storyboard */; };
		9DE124491979922F006C185B /* Main_iPad.storyboard in Resources */ = {isa = PBXBuildFile; fileRef = 9DE124471979922F006C185B /* Main_iPad.storyboard */; };
		9DE1244C1979922F006C185B /* RMUViewController.m in Sources */ = {isa = PBXBuildFile; fileRef = 9DE1244B1979922F006C185B /* RMUViewController.m */; };
		9DE1244E1979922F006C185B /* Images.xcassets in Resources */ = {isa = PBXBuildFile; fileRef = 9DE1244D1979922F006C185B /* Images.xcassets */; };
		9DE124551979922F006C185B /* XCTest.framework in Frameworks */ = {isa = PBXBuildFile; fileRef = 9DE124541979922F006C185B /* XCTest.framework */; };
		9DE124561979922F006C185B /* Foundation.framework in Frameworks */ = {isa = PBXBuildFile; fileRef = 9DE124321979922F006C185B /* Foundation.framework */; };
		9DE124571979922F006C185B /* UIKit.framework in Frameworks */ = {isa = PBXBuildFile; fileRef = 9DE124361979922F006C185B /* UIKit.framework */; };
		9DE1245F19799230006C185B /* InfoPlist.strings in Resources */ = {isa = PBXBuildFile; fileRef = 9DE1245D19799230006C185B /* InfoPlist.strings */; };
		9DE1246119799230006C185B /* Recommenu_Menu_DemoTests.m in Sources */ = {isa = PBXBuildFile; fileRef = 9DE1246019799230006C185B /* Recommenu_Menu_DemoTests.m */; };
		9DE1246C197DA641006C185B /* RMUSlider.m in Sources */ = {isa = PBXBuildFile; fileRef = 9DE1246B197DA641006C185B /* RMUSlider.m */; };
		9DE1246F197DA67E006C185B /* RMUMenuTableViewCell.m in Sources */ = {isa = PBXBuildFile; fileRef = 9DE1246E197DA67E006C185B /* RMUMenuTableViewCell.m */; };
		9DEF7F1619802551000EB421 /* UIColor+RMUDemoColors.m in Sources */ = {isa = PBXBuildFile; fileRef = 9DEF7F1519802551000EB421 /* UIColor+RMUDemoColors.m */; };
		9DEF7F1819802B73000EB421 /* QuartzCore.framework in Frameworks */ = {isa = PBXBuildFile; fileRef = 9DEF7F1719802B73000EB421 /* QuartzCore.framework */; };
		9DEF7F1B19804BE5000EB421 /* RMUStarView.m in Sources */ = {isa = PBXBuildFile; fileRef = 9DEF7F1A19804BE5000EB421 /* RMUStarView.m */; };
		9DEF7F1E19808A91000EB421 /* RMUViewRatingsPopup.m in Sources */ = {isa = PBXBuildFile; fileRef = 9DEF7F1D19808A91000EB421 /* RMUViewRatingsPopup.m */; };
		9DEF7F211981A285000EB421 /* RMUClickableStarView.m in Sources */ = {isa = PBXBuildFile; fileRef = 9DEF7F201981A285000EB421 /* RMUClickableStarView.m */; };
		9DEF7F241981C1DF000EB421 /* RMUSubmitReviewView.m in Sources */ = {isa = PBXBuildFile; fileRef = 9DEF7F231981C1DF000EB421 /* RMUSubmitReviewView.m */; };
		9DEF7F271981DAC6000EB421 /* RMUCurvedButton.m in Sources */ = {isa = PBXBuildFile; fileRef = 9DEF7F261981DAC6000EB421 /* RMUCurvedButton.m */; };
/* End PBXBuildFile section */

/* Begin PBXContainerItemProxy section */
		9DE1245819799230006C185B /* PBXContainerItemProxy */ = {
			isa = PBXContainerItemProxy;
			containerPortal = 9DE124271979922F006C185B /* Project object */;
			proxyType = 1;
			remoteGlobalIDString = 9DE1242E1979922F006C185B;
			remoteInfo = "Recommenu Menu Demo";
		};
/* End PBXContainerItemProxy section */

/* Begin PBXFileReference section */
		289C1CE11BDE4534A47E4BD0 /* libPods-Recommenu Menu Demo.a */ = {isa = PBXFileReference; explicitFileType = archive.ar; includeInIndex = 0; path = "libPods-Recommenu Menu Demo.a"; sourceTree = BUILT_PRODUCTS_DIR; };
		6DF221DBF90D4F869B75803F /* Pods-Recommenu Menu Demo.xcconfig */ = {isa = PBXFileReference; includeInIndex = 1; lastKnownFileType = text.xcconfig; name = "Pods-Recommenu Menu Demo.xcconfig"; path = "Pods/Pods-Recommenu Menu Demo.xcconfig"; sourceTree = "<group>"; };
		9D067CAB1982E05400B7DB1D /* RMUCommentField.h */ = {isa = PBXFileReference; fileEncoding = 4; lastKnownFileType = sourcecode.c.h; path = RMUCommentField.h; sourceTree = "<group>"; };
		9D067CAC1982E05400B7DB1D /* RMUCommentField.m */ = {isa = PBXFileReference; fileEncoding = 4; lastKnownFileType = sourcecode.c.objc; path = RMUCommentField.m; sourceTree = "<group>"; };
		9D067CAE1982F3B500B7DB1D /* RMUTopCommentView.h */ = {isa = PBXFileReference; fileEncoding = 4; lastKnownFileType = sourcecode.c.h; path = RMUTopCommentView.h; sourceTree = "<group>"; };
		9D067CAF1982F3B500B7DB1D /* RMUTopCommentView.m */ = {isa = PBXFileReference; fileEncoding = 4; lastKnownFileType = sourcecode.c.objc; path = RMUTopCommentView.m; sourceTree = "<group>"; };
		9DE1242F1979922F006C185B /* Recommenu Menu Demo.app */ = {isa = PBXFileReference; explicitFileType = wrapper.application; includeInIndex = 0; path = "Recommenu Menu Demo.app"; sourceTree = BUILT_PRODUCTS_DIR; };
		9DE124321979922F006C185B /* Foundation.framework */ = {isa = PBXFileReference; lastKnownFileType = wrapper.framework; name = Foundation.framework; path = System/Library/Frameworks/Foundation.framework; sourceTree = SDKROOT; };
		9DE124341979922F006C185B /* CoreGraphics.framework */ = {isa = PBXFileReference; lastKnownFileType = wrapper.framework; name = CoreGraphics.framework; path = System/Library/Frameworks/CoreGraphics.framework; sourceTree = SDKROOT; };
		9DE124361979922F006C185B /* UIKit.framework */ = {isa = PBXFileReference; lastKnownFileType = wrapper.framework; name = UIKit.framework; path = System/Library/Frameworks/UIKit.framework; sourceTree = SDKROOT; };
		9DE1243A1979922F006C185B /* Recommenu Menu Demo-Info.plist */ = {isa = PBXFileReference; lastKnownFileType = text.plist.xml; path = "Recommenu Menu Demo-Info.plist"; sourceTree = "<group>"; };
		9DE1243C1979922F006C185B /* en */ = {isa = PBXFileReference; lastKnownFileType = text.plist.strings; name = en; path = en.lproj/InfoPlist.strings; sourceTree = "<group>"; };
		9DE1243E1979922F006C185B /* main.m */ = {isa = PBXFileReference; lastKnownFileType = sourcecode.c.objc; path = main.m; sourceTree = "<group>"; };
		9DE124401979922F006C185B /* Recommenu Menu Demo-Prefix.pch */ = {isa = PBXFileReference; lastKnownFileType = sourcecode.c.h; path = "Recommenu Menu Demo-Prefix.pch"; sourceTree = "<group>"; };
		9DE124411979922F006C185B /* RMUAppDelegate.h */ = {isa = PBXFileReference; lastKnownFileType = sourcecode.c.h; path = RMUAppDelegate.h; sourceTree = "<group>"; };
		9DE124421979922F006C185B /* RMUAppDelegate.m */ = {isa = PBXFileReference; lastKnownFileType = sourcecode.c.objc; path = RMUAppDelegate.m; sourceTree = "<group>"; };
		9DE124451979922F006C185B /* Base */ = {isa = PBXFileReference; lastKnownFileType = file.storyboard; name = Base; path = Base.lproj/Main_iPhone.storyboard; sourceTree = "<group>"; };
		9DE124481979922F006C185B /* Base */ = {isa = PBXFileReference; lastKnownFileType = file.storyboard; name = Base; path = Base.lproj/Main_iPad.storyboard; sourceTree = "<group>"; };
		9DE1244A1979922F006C185B /* RMUViewController.h */ = {isa = PBXFileReference; lastKnownFileType = sourcecode.c.h; path = RMUViewController.h; sourceTree = "<group>"; };
		9DE1244B1979922F006C185B /* RMUViewController.m */ = {isa = PBXFileReference; lastKnownFileType = sourcecode.c.objc; path = RMUViewController.m; sourceTree = "<group>"; };
		9DE1244D1979922F006C185B /* Images.xcassets */ = {isa = PBXFileReference; lastKnownFileType = folder.assetcatalog; path = Images.xcassets; sourceTree = "<group>"; };
		9DE124531979922F006C185B /* Recommenu Menu DemoTests.xctest */ = {isa = PBXFileReference; explicitFileType = wrapper.cfbundle; includeInIndex = 0; path = "Recommenu Menu DemoTests.xctest"; sourceTree = BUILT_PRODUCTS_DIR; };
		9DE124541979922F006C185B /* XCTest.framework */ = {isa = PBXFileReference; lastKnownFileType = wrapper.framework; name = XCTest.framework; path = Library/Frameworks/XCTest.framework; sourceTree = DEVELOPER_DIR; };
		9DE1245C19799230006C185B /* Recommenu Menu DemoTests-Info.plist */ = {isa = PBXFileReference; lastKnownFileType = text.plist.xml; path = "Recommenu Menu DemoTests-Info.plist"; sourceTree = "<group>"; };
		9DE1245E19799230006C185B /* en */ = {isa = PBXFileReference; lastKnownFileType = text.plist.strings; name = en; path = en.lproj/InfoPlist.strings; sourceTree = "<group>"; };
		9DE1246019799230006C185B /* Recommenu_Menu_DemoTests.m */ = {isa = PBXFileReference; lastKnownFileType = sourcecode.c.objc; path = Recommenu_Menu_DemoTests.m; sourceTree = "<group>"; };
		9DE1246A197DA641006C185B /* RMUSlider.h */ = {isa = PBXFileReference; fileEncoding = 4; lastKnownFileType = sourcecode.c.h; path = RMUSlider.h; sourceTree = "<group>"; };
		9DE1246B197DA641006C185B /* RMUSlider.m */ = {isa = PBXFileReference; fileEncoding = 4; lastKnownFileType = sourcecode.c.objc; path = RMUSlider.m; sourceTree = "<group>"; };
		9DE1246D197DA67E006C185B /* RMUMenuTableViewCell.h */ = {isa = PBXFileReference; fileEncoding = 4; lastKnownFileType = sourcecode.c.h; path = RMUMenuTableViewCell.h; sourceTree = "<group>"; };
		9DE1246E197DA67E006C185B /* RMUMenuTableViewCell.m */ = {isa = PBXFileReference; fileEncoding = 4; lastKnownFileType = sourcecode.c.objc; path = RMUMenuTableViewCell.m; sourceTree = "<group>"; };
		9DEF7F1419802551000EB421 /* UIColor+RMUDemoColors.h */ = {isa = PBXFileReference; fileEncoding = 4; lastKnownFileType = sourcecode.c.h; path = "UIColor+RMUDemoColors.h"; sourceTree = "<group>"; };
		9DEF7F1519802551000EB421 /* UIColor+RMUDemoColors.m */ = {isa = PBXFileReference; fileEncoding = 4; lastKnownFileType = sourcecode.c.objc; path = "UIColor+RMUDemoColors.m"; sourceTree = "<group>"; };
		9DEF7F1719802B73000EB421 /* QuartzCore.framework */ = {isa = PBXFileReference; lastKnownFileType = wrapper.framework; name = QuartzCore.framework; path = System/Library/Frameworks/QuartzCore.framework; sourceTree = SDKROOT; };
		9DEF7F1919804BE5000EB421 /* RMUStarView.h */ = {isa = PBXFileReference; fileEncoding = 4; lastKnownFileType = sourcecode.c.h; path = RMUStarView.h; sourceTree = "<group>"; };
		9DEF7F1A19804BE5000EB421 /* RMUStarView.m */ = {isa = PBXFileReference; fileEncoding = 4; lastKnownFileType = sourcecode.c.objc; path = RMUStarView.m; sourceTree = "<group>"; };
		9DEF7F1C19808A91000EB421 /* RMUViewRatingsPopup.h */ = {isa = PBXFileReference; fileEncoding = 4; lastKnownFileType = sourcecode.c.h; path = RMUViewRatingsPopup.h; sourceTree = "<group>"; };
		9DEF7F1D19808A91000EB421 /* RMUViewRatingsPopup.m */ = {isa = PBXFileReference; fileEncoding = 4; lastKnownFileType = sourcecode.c.objc; path = RMUViewRatingsPopup.m; sourceTree = "<group>"; };
		9DEF7F1F1981A285000EB421 /* RMUClickableStarView.h */ = {isa = PBXFileReference; fileEncoding = 4; lastKnownFileType = sourcecode.c.h; path = RMUClickableStarView.h; sourceTree = "<group>"; };
		9DEF7F201981A285000EB421 /* RMUClickableStarView.m */ = {isa = PBXFileReference; fileEncoding = 4; lastKnownFileType = sourcecode.c.objc; path = RMUClickableStarView.m; sourceTree = "<group>"; };
		9DEF7F221981C1DF000EB421 /* RMUSubmitReviewView.h */ = {isa = PBXFileReference; fileEncoding = 4; lastKnownFileType = sourcecode.c.h; path = RMUSubmitReviewView.h; sourceTree = "<group>"; };
		9DEF7F231981C1DF000EB421 /* RMUSubmitReviewView.m */ = {isa = PBXFileReference; fileEncoding = 4; lastKnownFileType = sourcecode.c.objc; path = RMUSubmitReviewView.m; sourceTree = "<group>"; };
		9DEF7F251981DAC6000EB421 /* RMUCurvedButton.h */ = {isa = PBXFileReference; fileEncoding = 4; lastKnownFileType = sourcecode.c.h; path = RMUCurvedButton.h; sourceTree = "<group>"; };
		9DEF7F261981DAC6000EB421 /* RMUCurvedButton.m */ = {isa = PBXFileReference; fileEncoding = 4; lastKnownFileType = sourcecode.c.objc; path = RMUCurvedButton.m; sourceTree = "<group>"; };
/* End PBXFileReference section */

/* Begin PBXFrameworksBuildPhase section */
		9DE1242C1979922F006C185B /* Frameworks */ = {
			isa = PBXFrameworksBuildPhase;
			buildActionMask = 2147483647;
			files = (
				9DEF7F1819802B73000EB421 /* QuartzCore.framework in Frameworks */,
				9DE124351979922F006C185B /* CoreGraphics.framework in Frameworks */,
				9DE124371979922F006C185B /* UIKit.framework in Frameworks */,
				9DE124331979922F006C185B /* Foundation.framework in Frameworks */,
				8311891278EB4A6C85198E19 /* libPods-Recommenu Menu Demo.a in Frameworks */,
			);
			runOnlyForDeploymentPostprocessing = 0;
		};
		9DE124501979922F006C185B /* Frameworks */ = {
			isa = PBXFrameworksBuildPhase;
			buildActionMask = 2147483647;
			files = (
				9DE124551979922F006C185B /* XCTest.framework in Frameworks */,
				9DE124571979922F006C185B /* UIKit.framework in Frameworks */,
				9DE124561979922F006C185B /* Foundation.framework in Frameworks */,
			);
			runOnlyForDeploymentPostprocessing = 0;
		};
/* End PBXFrameworksBuildPhase section */

/* Begin PBXGroup section */
		9DE124261979922F006C185B = {
			isa = PBXGroup;
			children = (
				9DE124381979922F006C185B /* Recommenu Menu Demo */,
				9DE1245A19799230006C185B /* Recommenu Menu DemoTests */,
				9DE124311979922F006C185B /* Frameworks */,
				9DE124301979922F006C185B /* Products */,
				6DF221DBF90D4F869B75803F /* Pods-Recommenu Menu Demo.xcconfig */,
			);
			sourceTree = "<group>";
		};
		9DE124301979922F006C185B /* Products */ = {
			isa = PBXGroup;
			children = (
				9DE1242F1979922F006C185B /* Recommenu Menu Demo.app */,
				9DE124531979922F006C185B /* Recommenu Menu DemoTests.xctest */,
			);
			name = Products;
			sourceTree = "<group>";
		};
		9DE124311979922F006C185B /* Frameworks */ = {
			isa = PBXGroup;
			children = (
				9DEF7F1719802B73000EB421 /* QuartzCore.framework */,
				9DE124321979922F006C185B /* Foundation.framework */,
				9DE124341979922F006C185B /* CoreGraphics.framework */,
				9DE124361979922F006C185B /* UIKit.framework */,
				9DE124541979922F006C185B /* XCTest.framework */,
				289C1CE11BDE4534A47E4BD0 /* libPods-Recommenu Menu Demo.a */,
			);
			name = Frameworks;
			sourceTree = "<group>";
		};
		9DE124381979922F006C185B /* Recommenu Menu Demo */ = {
			isa = PBXGroup;
			children = (
				9DE1246D197DA67E006C185B /* RMUMenuTableViewCell.h */,
				9DE1246E197DA67E006C185B /* RMUMenuTableViewCell.m */,
				9DE124411979922F006C185B /* RMUAppDelegate.h */,
				9DE124421979922F006C185B /* RMUAppDelegate.m */,
				9DE124441979922F006C185B /* Main_iPhone.storyboard */,
				9DE124471979922F006C185B /* Main_iPad.storyboard */,
				9D067CAE1982F3B500B7DB1D /* RMUTopCommentView.h */,
				9D067CAF1982F3B500B7DB1D /* RMUTopCommentView.m */,
				9D067CAB1982E05400B7DB1D /* RMUCommentField.h */,
				9D067CAC1982E05400B7DB1D /* RMUCommentField.m */,
				9DEF7F221981C1DF000EB421 /* RMUSubmitReviewView.h */,
				9DEF7F231981C1DF000EB421 /* RMUSubmitReviewView.m */,
				9DEF7F1C19808A91000EB421 /* RMUViewRatingsPopup.h */,
				9DEF7F1D19808A91000EB421 /* RMUViewRatingsPopup.m */,
				9DEF7F1F1981A285000EB421 /* RMUClickableStarView.h */,
				9DEF7F201981A285000EB421 /* RMUClickableStarView.m */,
				9DEF7F1919804BE5000EB421 /* RMUStarView.h */,
				9DEF7F1A19804BE5000EB421 /* RMUStarView.m */,
				9DEF7F1419802551000EB421 /* UIColor+RMUDemoColors.h */,
				9DEF7F1519802551000EB421 /* UIColor+RMUDemoColors.m */,
				9DEF7F251981DAC6000EB421 /* RMUCurvedButton.h */,
				9DEF7F261981DAC6000EB421 /* RMUCurvedButton.m */,
				9DE1246A197DA641006C185B /* RMUSlider.h */,
				9DE1246B197DA641006C185B /* RMUSlider.m */,
				9DE1244A1979922F006C185B /* RMUViewController.h */,
				9DE1244B1979922F006C185B /* RMUViewController.m */,
				9DE1244D1979922F006C185B /* Images.xcassets */,
				9DE124391979922F006C185B /* Supporting Files */,
			);
			path = "Recommenu Menu Demo";
			sourceTree = "<group>";
		};
		9DE124391979922F006C185B /* Supporting Files */ = {
			isa = PBXGroup;
			children = (
				9DE1243A1979922F006C185B /* Recommenu Menu Demo-Info.plist */,
				9DE1243B1979922F006C185B /* InfoPlist.strings */,
				9DE1243E1979922F006C185B /* main.m */,
				9DE124401979922F006C185B /* Recommenu Menu Demo-Prefix.pch */,
			);
			name = "Supporting Files";
			sourceTree = "<group>";
		};
		9DE1245A19799230006C185B /* Recommenu Menu DemoTests */ = {
			isa = PBXGroup;
			children = (
				9DE1246019799230006C185B /* Recommenu_Menu_DemoTests.m */,
				9DE1245B19799230006C185B /* Supporting Files */,
			);
			path = "Recommenu Menu DemoTests";
			sourceTree = "<group>";
		};
		9DE1245B19799230006C185B /* Supporting Files */ = {
			isa = PBXGroup;
			children = (
				9DE1245C19799230006C185B /* Recommenu Menu DemoTests-Info.plist */,
				9DE1245D19799230006C185B /* InfoPlist.strings */,
			);
			name = "Supporting Files";
			sourceTree = "<group>";
		};
/* End PBXGroup section */

/* Begin PBXNativeTarget section */
		9DE1242E1979922F006C185B /* Recommenu Menu Demo */ = {
			isa = PBXNativeTarget;
			buildConfigurationList = 9DE1246419799230006C185B /* Build configuration list for PBXNativeTarget "Recommenu Menu Demo" */;
			buildPhases = (
				013030EC653A4A778A70CA9B /* Check Pods Manifest.lock */,
				9DE1242B1979922F006C185B /* Sources */,
				9DE1242C1979922F006C185B /* Frameworks */,
				9DE1242D1979922F006C185B /* Resources */,
				64EB0163899C45AFA3E06419 /* Copy Pods Resources */,
			);
			buildRules = (
			);
			dependencies = (
			);
			name = "Recommenu Menu Demo";
			productName = "Recommenu Menu Demo";
			productReference = 9DE1242F1979922F006C185B /* Recommenu Menu Demo.app */;
			productType = "com.apple.product-type.application";
		};
		9DE124521979922F006C185B /* Recommenu Menu DemoTests */ = {
			isa = PBXNativeTarget;
			buildConfigurationList = 9DE1246719799230006C185B /* Build configuration list for PBXNativeTarget "Recommenu Menu DemoTests" */;
			buildPhases = (
				9DE1244F1979922F006C185B /* Sources */,
				9DE124501979922F006C185B /* Frameworks */,
				9DE124511979922F006C185B /* Resources */,
			);
			buildRules = (
			);
			dependencies = (
				9DE1245919799230006C185B /* PBXTargetDependency */,
			);
			name = "Recommenu Menu DemoTests";
			productName = "Recommenu Menu DemoTests";
			productReference = 9DE124531979922F006C185B /* Recommenu Menu DemoTests.xctest */;
			productType = "com.apple.product-type.bundle.unit-test";
		};
/* End PBXNativeTarget section */

/* Begin PBXProject section */
		9DE124271979922F006C185B /* Project object */ = {
			isa = PBXProject;
			attributes = {
				CLASSPREFIX = RMU;
				LastUpgradeCheck = 0510;
				ORGANIZATIONNAME = "Blake Ellingham";
				TargetAttributes = {
					9DE1242E1979922F006C185B = {
						DevelopmentTeam = K32XSJCV9L;
					};
					9DE124521979922F006C185B = {
						TestTargetID = 9DE1242E1979922F006C185B;
					};
				};
			};
			buildConfigurationList = 9DE1242A1979922F006C185B /* Build configuration list for PBXProject "Recommenu Menu Demo" */;
			compatibilityVersion = "Xcode 3.2";
			developmentRegion = English;
			hasScannedForEncodings = 0;
			knownRegions = (
				en,
				Base,
			);
			mainGroup = 9DE124261979922F006C185B;
			productRefGroup = 9DE124301979922F006C185B /* Products */;
			projectDirPath = "";
			projectRoot = "";
			targets = (
				9DE1242E1979922F006C185B /* Recommenu Menu Demo */,
				9DE124521979922F006C185B /* Recommenu Menu DemoTests */,
			);
		};
/* End PBXProject section */

/* Begin PBXResourcesBuildPhase section */
		9DE1242D1979922F006C185B /* Resources */ = {
			isa = PBXResourcesBuildPhase;
			buildActionMask = 2147483647;
			files = (
				9DE124491979922F006C185B /* Main_iPad.storyboard in Resources */,
				9DE1244E1979922F006C185B /* Images.xcassets in Resources */,
				9DE124461979922F006C185B /* Main_iPhone.storyboard in Resources */,
				9DE1243D1979922F006C185B /* InfoPlist.strings in Resources */,
			);
			runOnlyForDeploymentPostprocessing = 0;
		};
		9DE124511979922F006C185B /* Resources */ = {
			isa = PBXResourcesBuildPhase;
			buildActionMask = 2147483647;
			files = (
				9DE1245F19799230006C185B /* InfoPlist.strings in Resources */,
			);
			runOnlyForDeploymentPostprocessing = 0;
		};
/* End PBXResourcesBuildPhase section */

/* Begin PBXShellScriptBuildPhase section */
		013030EC653A4A778A70CA9B /* Check Pods Manifest.lock */ = {
			isa = PBXShellScriptBuildPhase;
			buildActionMask = 2147483647;
			files = (
			);
			inputPaths = (
			);
			name = "Check Pods Manifest.lock";
			outputPaths = (
			);
			runOnlyForDeploymentPostprocessing = 0;
			shellPath = /bin/sh;
			shellScript = "diff \"${PODS_ROOT}/../Podfile.lock\" \"${PODS_ROOT}/Manifest.lock\" > /dev/null\nif [[ $? != 0 ]] ; then\n    cat << EOM\nerror: The sandbox is not in sync with the Podfile.lock. Run 'pod install' or update your CocoaPods installation.\nEOM\n    exit 1\nfi\n";
			showEnvVarsInLog = 0;
		};
		64EB0163899C45AFA3E06419 /* Copy Pods Resources */ = {
			isa = PBXShellScriptBuildPhase;
			buildActionMask = 2147483647;
			files = (
			);
			inputPaths = (
			);
			name = "Copy Pods Resources";
			outputPaths = (
			);
			runOnlyForDeploymentPostprocessing = 0;
			shellPath = /bin/sh;
			shellScript = "\"${SRCROOT}/Pods/Pods-Recommenu Menu Demo-resources.sh\"\n";
			showEnvVarsInLog = 0;
		};
/* End PBXShellScriptBuildPhase section */

/* Begin PBXSourcesBuildPhase section */
		9DE1242B1979922F006C185B /* Sources */ = {
			isa = PBXSourcesBuildPhase;
			buildActionMask = 2147483647;
			files = (
				9DE1243F1979922F006C185B /* main.m in Sources */,
				9DEF7F1B19804BE5000EB421 /* RMUStarView.m in Sources */,
				9DE1246C197DA641006C185B /* RMUSlider.m in Sources */,
				9DEF7F1E19808A91000EB421 /* RMUViewRatingsPopup.m in Sources */,
				9DEF7F211981A285000EB421 /* RMUClickableStarView.m in Sources */,
				9DEF7F241981C1DF000EB421 /* RMUSubmitReviewView.m in Sources */,
				9DE1244C1979922F006C185B /* RMUViewController.m in Sources */,
				9D067CAD1982E05400B7DB1D /* RMUCommentField.m in Sources */,
				9DE124431979922F006C185B /* RMUAppDelegate.m in Sources */,
				9DE1246F197DA67E006C185B /* RMUMenuTableViewCell.m in Sources */,
				9DEF7F1619802551000EB421 /* UIColor+RMUDemoColors.m in Sources */,
				9DEF7F271981DAC6000EB421 /* RMUCurvedButton.m in Sources */,
				9D067CB01982F3B500B7DB1D /* RMUTopCommentView.m in Sources */,
			);
			runOnlyForDeploymentPostprocessing = 0;
		};
		9DE1244F1979922F006C185B /* Sources */ = {
			isa = PBXSourcesBuildPhase;
			buildActionMask = 2147483647;
			files = (
				9DE1246119799230006C185B /* Recommenu_Menu_DemoTests.m in Sources */,
			);
			runOnlyForDeploymentPostprocessing = 0;
		};
/* End PBXSourcesBuildPhase section */

/* Begin PBXTargetDependency section */
		9DE1245919799230006C185B /* PBXTargetDependency */ = {
			isa = PBXTargetDependency;
			target = 9DE1242E1979922F006C185B /* Recommenu Menu Demo */;
			targetProxy = 9DE1245819799230006C185B /* PBXContainerItemProxy */;
		};
/* End PBXTargetDependency section */

/* Begin PBXVariantGroup section */
		9DE1243B1979922F006C185B /* InfoPlist.strings */ = {
			isa = PBXVariantGroup;
			children = (
				9DE1243C1979922F006C185B /* en */,
			);
			name = InfoPlist.strings;
			sourceTree = "<group>";
		};
		9DE124441979922F006C185B /* Main_iPhone.storyboard */ = {
			isa = PBXVariantGroup;
			children = (
				9DE124451979922F006C185B /* Base */,
			);
			name = Main_iPhone.storyboard;
			sourceTree = "<group>";
		};
		9DE124471979922F006C185B /* Main_iPad.storyboard */ = {
			isa = PBXVariantGroup;
			children = (
				9DE124481979922F006C185B /* Base */,
			);
			name = Main_iPad.storyboard;
			sourceTree = "<group>";
		};
		9DE1245D19799230006C185B /* InfoPlist.strings */ = {
			isa = PBXVariantGroup;
			children = (
				9DE1245E19799230006C185B /* en */,
			);
			name = InfoPlist.strings;
			sourceTree = "<group>";
		};
/* End PBXVariantGroup section */

/* Begin XCBuildConfiguration section */
		9DE1246219799230006C185B /* Debug */ = {
			isa = XCBuildConfiguration;
			buildSettings = {
				ALWAYS_SEARCH_USER_PATHS = NO;
				CLANG_CXX_LANGUAGE_STANDARD = "gnu++0x";
				CLANG_CXX_LIBRARY = "libc++";
				CLANG_ENABLE_MODULES = YES;
				CLANG_ENABLE_OBJC_ARC = YES;
				CLANG_WARN_BOOL_CONVERSION = YES;
				CLANG_WARN_CONSTANT_CONVERSION = YES;
				CLANG_WARN_DIRECT_OBJC_ISA_USAGE = YES_ERROR;
				CLANG_WARN_EMPTY_BODY = YES;
				CLANG_WARN_ENUM_CONVERSION = YES;
				CLANG_WARN_INT_CONVERSION = YES;
				CLANG_WARN_OBJC_ROOT_CLASS = YES_ERROR;
				CLANG_WARN__DUPLICATE_METHOD_MATCH = YES;
				"CODE_SIGN_IDENTITY[sdk=iphoneos*]" = "iPhone Developer";
				COPY_PHASE_STRIP = NO;
				GCC_C_LANGUAGE_STANDARD = gnu99;
				GCC_DYNAMIC_NO_PIC = NO;
				GCC_OPTIMIZATION_LEVEL = 0;
				GCC_PREPROCESSOR_DEFINITIONS = (
					"DEBUG=1",
					"$(inherited)",
				);
				GCC_SYMBOLS_PRIVATE_EXTERN = NO;
				GCC_WARN_64_TO_32_BIT_CONVERSION = YES;
				GCC_WARN_ABOUT_RETURN_TYPE = YES_ERROR;
				GCC_WARN_UNDECLARED_SELECTOR = YES;
				GCC_WARN_UNINITIALIZED_AUTOS = YES_AGGRESSIVE;
				GCC_WARN_UNUSED_FUNCTION = YES;
				GCC_WARN_UNUSED_VARIABLE = YES;
				IPHONEOS_DEPLOYMENT_TARGET = 7.1;
				ONLY_ACTIVE_ARCH = YES;
				SDKROOT = iphoneos;
				TARGETED_DEVICE_FAMILY = "1,2";
			};
			name = Debug;
		};
		9DE1246319799230006C185B /* Release */ = {
			isa = XCBuildConfiguration;
			buildSettings = {
				ALWAYS_SEARCH_USER_PATHS = NO;
				CLANG_CXX_LANGUAGE_STANDARD = "gnu++0x";
				CLANG_CXX_LIBRARY = "libc++";
				CLANG_ENABLE_MODULES = YES;
				CLANG_ENABLE_OBJC_ARC = YES;
				CLANG_WARN_BOOL_CONVERSION = YES;
				CLANG_WARN_CONSTANT_CONVERSION = YES;
				CLANG_WARN_DIRECT_OBJC_ISA_USAGE = YES_ERROR;
				CLANG_WARN_EMPTY_BODY = YES;
				CLANG_WARN_ENUM_CONVERSION = YES;
				CLANG_WARN_INT_CONVERSION = YES;
				CLANG_WARN_OBJC_ROOT_CLASS = YES_ERROR;
				CLANG_WARN__DUPLICATE_METHOD_MATCH = YES;
				"CODE_SIGN_IDENTITY[sdk=iphoneos*]" = "iPhone Developer";
				COPY_PHASE_STRIP = YES;
				ENABLE_NS_ASSERTIONS = NO;
				GCC_C_LANGUAGE_STANDARD = gnu99;
				GCC_WARN_64_TO_32_BIT_CONVERSION = YES;
				GCC_WARN_ABOUT_RETURN_TYPE = YES_ERROR;
				GCC_WARN_UNDECLARED_SELECTOR = YES;
				GCC_WARN_UNINITIALIZED_AUTOS = YES_AGGRESSIVE;
				GCC_WARN_UNUSED_FUNCTION = YES;
				GCC_WARN_UNUSED_VARIABLE = YES;
				IPHONEOS_DEPLOYMENT_TARGET = 7.1;
				SDKROOT = iphoneos;
				TARGETED_DEVICE_FAMILY = "1,2";
				VALIDATE_PRODUCT = YES;
			};
			name = Release;
		};
		9DE1246519799230006C185B /* Debug */ = {
			isa = XCBuildConfiguration;
			baseConfigurationReference = 6DF221DBF90D4F869B75803F /* Pods-Recommenu Menu Demo.xcconfig */;
			buildSettings = {
				ASSETCATALOG_COMPILER_APPICON_NAME = AppIcon;
				ASSETCATALOG_COMPILER_LAUNCHIMAGE_NAME = LaunchImage;
				CODE_SIGN_IDENTITY = "iPhone Developer";
				GCC_PRECOMPILE_PREFIX_HEADER = YES;
				GCC_PREFIX_HEADER = "Recommenu Menu Demo/Recommenu Menu Demo-Prefix.pch";
				INFOPLIST_FILE = "Recommenu Menu Demo/Recommenu Menu Demo-Info.plist";
				PRODUCT_NAME = "$(TARGET_NAME)";
				WRAPPER_EXTENSION = app;
			};
			name = Debug;
		};
		9DE1246619799230006C185B /* Release */ = {
			isa = XCBuildConfiguration;
			baseConfigurationReference = 6DF221DBF90D4F869B75803F /* Pods-Recommenu Menu Demo.xcconfig */;
			buildSettings = {
				ASSETCATALOG_COMPILER_APPICON_NAME = AppIcon;
				ASSETCATALOG_COMPILER_LAUNCHIMAGE_NAME = LaunchImage;
				CODE_SIGN_IDENTITY = "iPhone Developer";
				GCC_PRECOMPILE_PREFIX_HEADER = YES;
				GCC_PREFIX_HEADER = "Recommenu Menu Demo/Recommenu Menu Demo-Prefix.pch";
				INFOPLIST_FILE = "Recommenu Menu Demo/Recommenu Menu Demo-Info.plist";
				PRODUCT_NAME = "$(TARGET_NAME)";
				WRAPPER_EXTENSION = app;
			};
			name = Release;
		};
		9DE1246819799230006C185B /* Debug */ = {
			isa = XCBuildConfiguration;
			buildSettings = {
				BUNDLE_LOADER = "$(BUILT_PRODUCTS_DIR)/Recommenu Menu Demo.app/Recommenu Menu Demo";
				FRAMEWORK_SEARCH_PATHS = (
					"$(SDKROOT)/Developer/Library/Frameworks",
					"$(inherited)",
					"$(DEVELOPER_FRAMEWORKS_DIR)",
				);
				GCC_PRECOMPILE_PREFIX_HEADER = YES;
				GCC_PREFIX_HEADER = "Recommenu Menu Demo/Recommenu Menu Demo-Prefix.pch";
				GCC_PREPROCESSOR_DEFINITIONS = (
					"DEBUG=1",
					"$(inherited)",
				);
				INFOPLIST_FILE = "Recommenu Menu DemoTests/Recommenu Menu DemoTests-Info.plist";
				PRODUCT_NAME = "$(TARGET_NAME)";
				TEST_HOST = "$(BUNDLE_LOADER)";
				WRAPPER_EXTENSION = xctest;
			};
			name = Debug;
		};
		9DE1246919799230006C185B /* Release */ = {
			isa = XCBuildConfiguration;
			buildSettings = {
				BUNDLE_LOADER = "$(BUILT_PRODUCTS_DIR)/Recommenu Menu Demo.app/Recommenu Menu Demo";
				FRAMEWORK_SEARCH_PATHS = (
					"$(SDKROOT)/Developer/Library/Frameworks",
					"$(inherited)",
					"$(DEVELOPER_FRAMEWORKS_DIR)",
				);
				GCC_PRECOMPILE_PREFIX_HEADER = YES;
				GCC_PREFIX_HEADER = "Recommenu Menu Demo/Recommenu Menu Demo-Prefix.pch";
				INFOPLIST_FILE = "Recommenu Menu DemoTests/Recommenu Menu DemoTests-Info.plist";
				PRODUCT_NAME = "$(TARGET_NAME)";
				TEST_HOST = "$(BUNDLE_LOADER)";
				WRAPPER_EXTENSION = xctest;
			};
			name = Release;
		};
/* End XCBuildConfiguration section */

/* Begin XCConfigurationList section */
		9DE1242A1979922F006C185B /* Build configuration list for PBXProject "Recommenu Menu Demo" */ = {
			isa = XCConfigurationList;
			buildConfigurations = (
				9DE1246219799230006C185B /* Debug */,
				9DE1246319799230006C185B /* Release */,
			);
			defaultConfigurationIsVisible = 0;
			defaultConfigurationName = Release;
		};
		9DE1246419799230006C185B /* Build configuration list for PBXNativeTarget "Recommenu Menu Demo" */ = {
			isa = XCConfigurationList;
			buildConfigurations = (
				9DE1246519799230006C185B /* Debug */,
				9DE1246619799230006C185B /* Release */,
			);
			defaultConfigurationIsVisible = 0;
			defaultConfigurationName = Release;
		};
		9DE1246719799230006C185B /* Build configuration list for PBXNativeTarget "Recommenu Menu DemoTests" */ = {
			isa = XCConfigurationList;
			buildConfigurations = (
				9DE1246819799230006C185B /* Debug */,
				9DE1246919799230006C185B /* Release */,
			);
			defaultConfigurationIsVisible = 0;
			defaultConfigurationName = Release;
		};
/* End XCConfigurationList section */
	};
	rootObject = 9DE124271979922F006C185B /* Project object */;
}
